// !$*UTF8*$!
{
	archiveVersion = 1;
	classes = {
	};
	objectVersion = 46;
	objects = {

/* Begin PBXBuildFile section */
		492AD8831AE2E0C800789082 /* AppDelegate.swift in Sources */ = {isa = PBXBuildFile; fileRef = 492AD8821AE2E0C800789082 /* AppDelegate.swift */; };
		492AD8851AE2E0C800789082 /* MainViewController.swift in Sources */ = {isa = PBXBuildFile; fileRef = 492AD8841AE2E0C800789082 /* MainViewController.swift */; };
		492AD8881AE2E0C800789082 /* Main.storyboard in Resources */ = {isa = PBXBuildFile; fileRef = 492AD8861AE2E0C800789082 /* Main.storyboard */; };
		492AD88A1AE2E0C800789082 /* Images.xcassets in Resources */ = {isa = PBXBuildFile; fileRef = 492AD8891AE2E0C800789082 /* Images.xcassets */; };
		492AD88D1AE2E0C800789082 /* LaunchScreen.xib in Resources */ = {isa = PBXBuildFile; fileRef = 492AD88B1AE2E0C800789082 /* LaunchScreen.xib */; };
		492AD8991AE2E0C800789082 /* FlavorsTests.swift in Sources */ = {isa = PBXBuildFile; fileRef = 492AD8981AE2E0C800789082 /* FlavorsTests.swift */; };
		492AD8A91AE2EA3500789082 /* FoodModel.swift in Sources */ = {isa = PBXBuildFile; fileRef = 492AD8A81AE2EA3500789082 /* FoodModel.swift */; };
		492AD8AB1AE2EA4E00789082 /* MenuModel.swift in Sources */ = {isa = PBXBuildFile; fileRef = 492AD8AA1AE2EA4E00789082 /* MenuModel.swift */; };
		492AD8AD1AE2F0CB00789082 /* foods.plist in Resources */ = {isa = PBXBuildFile; fileRef = 492AD8AC1AE2F0CB00789082 /* foods.plist */; };
		492AD8B11AE45AE400789082 /* FoodCell.xib in Resources */ = {isa = PBXBuildFile; fileRef = 492AD8B01AE45AE400789082 /* FoodCell.xib */; };
		492AD8B31AE45B7500789082 /* FoodCell.swift in Sources */ = {isa = PBXBuildFile; fileRef = 492AD8B21AE45B7500789082 /* FoodCell.swift */; };
		492AD8B81AE4605200789082 /* FlavorCell.swift in Sources */ = {isa = PBXBuildFile; fileRef = 492AD8B61AE4605200789082 /* FlavorCell.swift */; };
		492AD8B91AE4605200789082 /* FlavorCell.xib in Resources */ = {isa = PBXBuildFile; fileRef = 492AD8B71AE4605200789082 /* FlavorCell.xib */; };
		492AD8BC1AE4B33800789082 /* FlavorCellCollectionViewController.swift in Sources */ = {isa = PBXBuildFile; fileRef = 492AD8BB1AE4B33800789082 /* FlavorCellCollectionViewController.swift */; };
/* End PBXBuildFile section */

/* Begin PBXContainerItemProxy section */
		492AD8931AE2E0C800789082 /* PBXContainerItemProxy */ = {
			isa = PBXContainerItemProxy;
			containerPortal = 492AD8751AE2E0C800789082 /* Project object */;
			proxyType = 1;
			remoteGlobalIDString = 492AD87C1AE2E0C800789082;
			remoteInfo = Flavors;
		};
/* End PBXContainerItemProxy section */

/* Begin PBXFileReference section */
		492AD87D1AE2E0C800789082 /* Flavors.app */ = {isa = PBXFileReference; explicitFileType = wrapper.application; includeInIndex = 0; path = Flavors.app; sourceTree = BUILT_PRODUCTS_DIR; };
		492AD8811AE2E0C800789082 /* Info.plist */ = {isa = PBXFileReference; lastKnownFileType = text.plist.xml; path = Info.plist; sourceTree = "<group>"; };
		492AD8821AE2E0C800789082 /* AppDelegate.swift */ = {isa = PBXFileReference; lastKnownFileType = sourcecode.swift; path = AppDelegate.swift; sourceTree = "<group>"; };
		492AD8841AE2E0C800789082 /* MainViewController.swift */ = {isa = PBXFileReference; lastKnownFileType = sourcecode.swift; path = MainViewController.swift; sourceTree = "<group>"; };
		492AD8871AE2E0C800789082 /* Base */ = {isa = PBXFileReference; lastKnownFileType = file.storyboard; name = Base; path = Base.lproj/Main.storyboard; sourceTree = "<group>"; };
		492AD8891AE2E0C800789082 /* Images.xcassets */ = {isa = PBXFileReference; lastKnownFileType = folder.assetcatalog; path = Images.xcassets; sourceTree = "<group>"; };
		492AD88C1AE2E0C800789082 /* Base */ = {isa = PBXFileReference; lastKnownFileType = file.xib; name = Base; path = Base.lproj/LaunchScreen.xib; sourceTree = "<group>"; };
		492AD8921AE2E0C800789082 /* FlavorsTests.xctest */ = {isa = PBXFileReference; explicitFileType = wrapper.cfbundle; includeInIndex = 0; path = FlavorsTests.xctest; sourceTree = BUILT_PRODUCTS_DIR; };
		492AD8971AE2E0C800789082 /* Info.plist */ = {isa = PBXFileReference; lastKnownFileType = text.plist.xml; path = Info.plist; sourceTree = "<group>"; };
		492AD8981AE2E0C800789082 /* FlavorsTests.swift */ = {isa = PBXFileReference; lastKnownFileType = sourcecode.swift; path = FlavorsTests.swift; sourceTree = "<group>"; };
		492AD8A21AE2E22D00789082 /* SkunkWorks.playground */ = {isa = PBXFileReference; lastKnownFileType = file.playground; path = SkunkWorks.playground; sourceTree = "<group>"; };
		492AD8A81AE2EA3500789082 /* FoodModel.swift */ = {isa = PBXFileReference; fileEncoding = 4; lastKnownFileType = sourcecode.swift; name = FoodModel.swift; path = Flavors/Models/FoodModel.swift; sourceTree = SOURCE_ROOT; };
		492AD8AA1AE2EA4E00789082 /* MenuModel.swift */ = {isa = PBXFileReference; fileEncoding = 4; lastKnownFileType = sourcecode.swift; name = MenuModel.swift; path = Flavors/Models/MenuModel.swift; sourceTree = SOURCE_ROOT; };
		492AD8AC1AE2F0CB00789082 /* foods.plist */ = {isa = PBXFileReference; fileEncoding = 4; lastKnownFileType = text.plist.xml; path = foods.plist; sourceTree = "<group>"; };
		492AD8B01AE45AE400789082 /* FoodCell.xib */ = {isa = PBXFileReference; fileEncoding = 4; lastKnownFileType = file.xib; name = FoodCell.xib; path = Views/FoodCell.xib; sourceTree = "<group>"; };
		492AD8B21AE45B7500789082 /* FoodCell.swift */ = {isa = PBXFileReference; fileEncoding = 4; lastKnownFileType = sourcecode.swift; name = FoodCell.swift; path = Views/FoodCell.swift; sourceTree = "<group>"; };
		492AD8B61AE4605200789082 /* FlavorCell.swift */ = {isa = PBXFileReference; fileEncoding = 4; lastKnownFileType = sourcecode.swift; name = FlavorCell.swift; path = Views/FlavorCell.swift; sourceTree = "<group>"; };
		492AD8B71AE4605200789082 /* FlavorCell.xib */ = {isa = PBXFileReference; fileEncoding = 4; lastKnownFileType = file.xib; name = FlavorCell.xib; path = Views/FlavorCell.xib; sourceTree = "<group>"; };
		492AD8BB1AE4B33800789082 /* FlavorCellCollectionViewController.swift */ = {isa = PBXFileReference; fileEncoding = 4; lastKnownFileType = sourcecode.swift; name = FlavorCellCollectionViewController.swift; path = Views/FlavorCellCollectionViewController.swift; sourceTree = "<group>"; };
/* End PBXFileReference section */

/* Begin PBXFrameworksBuildPhase section */
		492AD87A1AE2E0C800789082 /* Frameworks */ = {
			isa = PBXFrameworksBuildPhase;
			buildActionMask = 2147483647;
			files = (
			);
			runOnlyForDeploymentPostprocessing = 0;
		};
		492AD88F1AE2E0C800789082 /* Frameworks */ = {
			isa = PBXFrameworksBuildPhase;
			buildActionMask = 2147483647;
			files = (
			);
			runOnlyForDeploymentPostprocessing = 0;
		};
/* End PBXFrameworksBuildPhase section */

/* Begin PBXGroup section */
		492AD8741AE2E0C800789082 = {
			isa = PBXGroup;
			children = (
				492AD87F1AE2E0C800789082 /* Flavors */,
				492AD8951AE2E0C800789082 /* FlavorsTests */,
				492AD87E1AE2E0C800789082 /* Products */,
			);
			sourceTree = "<group>";
		};
		492AD87E1AE2E0C800789082 /* Products */ = {
			isa = PBXGroup;
			children = (
				492AD87D1AE2E0C800789082 /* Flavors.app */,
				492AD8921AE2E0C800789082 /* FlavorsTests.xctest */,
			);
			name = Products;
			sourceTree = "<group>";
		};
		492AD87F1AE2E0C800789082 /* Flavors */ = {
			isa = PBXGroup;
			children = (
				492AD8A51AE2EA1700789082 /* Models */,
				492AD8B41AE45B7A00789082 /* Views */,
				492AD8B51AE45B9700789082 /* Controllers */,
				492AD8821AE2E0C800789082 /* AppDelegate.swift */,
				492AD8AC1AE2F0CB00789082 /* foods.plist */,
				492AD8A21AE2E22D00789082 /* SkunkWorks.playground */,
				492AD8891AE2E0C800789082 /* Images.xcassets */,
				492AD88B1AE2E0C800789082 /* LaunchScreen.xib */,
				492AD8801AE2E0C800789082 /* Supporting Files */,
			);
			path = Flavors;
			sourceTree = "<group>";
		};
		492AD8801AE2E0C800789082 /* Supporting Files */ = {
			isa = PBXGroup;
			children = (
				492AD8811AE2E0C800789082 /* Info.plist */,
			);
			name = "Supporting Files";
			sourceTree = "<group>";
		};
		492AD8951AE2E0C800789082 /* FlavorsTests */ = {
			isa = PBXGroup;
			children = (
				492AD8981AE2E0C800789082 /* FlavorsTests.swift */,
				492AD8961AE2E0C800789082 /* Supporting Files */,
			);
			path = FlavorsTests;
			sourceTree = "<group>";
		};
		492AD8961AE2E0C800789082 /* Supporting Files */ = {
			isa = PBXGroup;
			children = (
				492AD8971AE2E0C800789082 /* Info.plist */,
			);
			name = "Supporting Files";
			sourceTree = "<group>";
		};
		492AD8A51AE2EA1700789082 /* Models */ = {
			isa = PBXGroup;
			children = (
				492AD8A81AE2EA3500789082 /* FoodModel.swift */,
				492AD8AA1AE2EA4E00789082 /* MenuModel.swift */,
			);
			name = Models;
			path = Flavors.xcodeproj;
			sourceTree = SOURCE_ROOT;
		};
		492AD8B41AE45B7A00789082 /* Views */ = {
			isa = PBXGroup;
			children = (
				492AD8861AE2E0C800789082 /* Main.storyboard */,
				492AD8B01AE45AE400789082 /* FoodCell.xib */,
				492AD8B21AE45B7500789082 /* FoodCell.swift */,
				492AD8BA1AE4B32100789082 /* FlavorCell */,
			);
			name = Views;
			sourceTree = "<group>";
		};
		492AD8B51AE45B9700789082 /* Controllers */ = {
			isa = PBXGroup;
			children = (
				492AD8841AE2E0C800789082 /* MainViewController.swift */,
			);
			name = Controllers;
			sourceTree = "<group>";
		};
		492AD8BA1AE4B32100789082 /* FlavorCell */ = {
			isa = PBXGroup;
			children = (
				492AD8B71AE4605200789082 /* FlavorCell.xib */,
				492AD8B61AE4605200789082 /* FlavorCell.swift */,
				492AD8BB1AE4B33800789082 /* FlavorCellCollectionViewController.swift */,
			);
			name = FlavorCell;
			sourceTree = "<group>";
		};
/* End PBXGroup section */

/* Begin PBXNativeTarget section */
		492AD87C1AE2E0C800789082 /* Flavors */ = {
			isa = PBXNativeTarget;
			buildConfigurationList = 492AD89C1AE2E0C800789082 /* Build configuration list for PBXNativeTarget "Flavors" */;
			buildPhases = (
				492AD8791AE2E0C800789082 /* Sources */,
				492AD87A1AE2E0C800789082 /* Frameworks */,
				492AD87B1AE2E0C800789082 /* Resources */,
			);
			buildRules = (
			);
			dependencies = (
			);
			name = Flavors;
			productName = Flavors;
			productReference = 492AD87D1AE2E0C800789082 /* Flavors.app */;
			productType = "com.apple.product-type.application";
		};
		492AD8911AE2E0C800789082 /* FlavorsTests */ = {
			isa = PBXNativeTarget;
			buildConfigurationList = 492AD89F1AE2E0C800789082 /* Build configuration list for PBXNativeTarget "FlavorsTests" */;
			buildPhases = (
				492AD88E1AE2E0C800789082 /* Sources */,
				492AD88F1AE2E0C800789082 /* Frameworks */,
				492AD8901AE2E0C800789082 /* Resources */,
			);
			buildRules = (
			);
			dependencies = (
				492AD8941AE2E0C800789082 /* PBXTargetDependency */,
			);
			name = FlavorsTests;
			productName = FlavorsTests;
			productReference = 492AD8921AE2E0C800789082 /* FlavorsTests.xctest */;
			productType = "com.apple.product-type.bundle.unit-test";
		};
/* End PBXNativeTarget section */

/* Begin PBXProject section */
		492AD8751AE2E0C800789082 /* Project object */ = {
			isa = PBXProject;
			attributes = {
				LastUpgradeCheck = 0630;
				ORGANIZATIONNAME = "Andrew Lilja";
				TargetAttributes = {
					492AD87C1AE2E0C800789082 = {
						CreatedOnToolsVersion = 6.3;
					};
					492AD8911AE2E0C800789082 = {
						CreatedOnToolsVersion = 6.3;
						TestTargetID = 492AD87C1AE2E0C800789082;
					};
				};
			};
			buildConfigurationList = 492AD8781AE2E0C800789082 /* Build configuration list for PBXProject "Flavors" */;
			compatibilityVersion = "Xcode 3.2";
			developmentRegion = English;
			hasScannedForEncodings = 0;
			knownRegions = (
				en,
				Base,
			);
			mainGroup = 492AD8741AE2E0C800789082;
			productRefGroup = 492AD87E1AE2E0C800789082 /* Products */;
			projectDirPath = "";
			projectRoot = "";
			targets = (
				492AD87C1AE2E0C800789082 /* Flavors */,
				492AD8911AE2E0C800789082 /* FlavorsTests */,
			);
		};
/* End PBXProject section */

/* Begin PBXResourcesBuildPhase section */
		492AD87B1AE2E0C800789082 /* Resources */ = {
			isa = PBXResourcesBuildPhase;
			buildActionMask = 2147483647;
			files = (
				492AD8AD1AE2F0CB00789082 /* foods.plist in Resources */,
				492AD8881AE2E0C800789082 /* Main.storyboard in Resources */,
				492AD8B11AE45AE400789082 /* FoodCell.xib in Resources */,
				492AD88D1AE2E0C800789082 /* LaunchScreen.xib in Resources */,
				492AD88A1AE2E0C800789082 /* Images.xcassets in Resources */,
				492AD8B91AE4605200789082 /* FlavorCell.xib in Resources */,
			);
			runOnlyForDeploymentPostprocessing = 0;
		};
		492AD8901AE2E0C800789082 /* Resources */ = {
			isa = PBXResourcesBuildPhase;
			buildActionMask = 2147483647;
			files = (
			);
			runOnlyForDeploymentPostprocessing = 0;
		};
/* End PBXResourcesBuildPhase section */

/* Begin PBXSourcesBuildPhase section */
		492AD8791AE2E0C800789082 /* Sources */ = {
			isa = PBXSourcesBuildPhase;
			buildActionMask = 2147483647;
			files = (
				492AD8AB1AE2EA4E00789082 /* MenuModel.swift in Sources */,
				492AD8BC1AE4B33800789082 /* FlavorCellCollectionViewController.swift in Sources */,
				492AD8A91AE2EA3500789082 /* FoodModel.swift in Sources */,
				492AD8B31AE45B7500789082 /* FoodCell.swift in Sources */,
				492AD8B81AE4605200789082 /* FlavorCell.swift in Sources */,
				492AD8851AE2E0C800789082 /* MainViewController.swift in Sources */,
				492AD8831AE2E0C800789082 /* AppDelegate.swift in Sources */,
			);
			runOnlyForDeploymentPostprocessing = 0;
		};
		492AD88E1AE2E0C800789082 /* Sources */ = {
			isa = PBXSourcesBuildPhase;
			buildActionMask = 2147483647;
			files = (
				492AD8991AE2E0C800789082 /* FlavorsTests.swift in Sources */,
			);
			runOnlyForDeploymentPostprocessing = 0;
		};
/* End PBXSourcesBuildPhase section */

/* Begin PBXTargetDependency section */
		492AD8941AE2E0C800789082 /* PBXTargetDependency */ = {
			isa = PBXTargetDependency;
			target = 492AD87C1AE2E0C800789082 /* Flavors */;
			targetProxy = 492AD8931AE2E0C800789082 /* PBXContainerItemProxy */;
		};
/* End PBXTargetDependency section */

/* Begin PBXVariantGroup section */
		492AD8861AE2E0C800789082 /* Main.storyboard */ = {
			isa = PBXVariantGroup;
			children = (
				492AD8871AE2E0C800789082 /* Base */,
			);
			name = Main.storyboard;
			sourceTree = "<group>";
		};
		492AD88B1AE2E0C800789082 /* LaunchScreen.xib */ = {
			isa = PBXVariantGroup;
			children = (
				492AD88C1AE2E0C800789082 /* Base */,
			);
			name = LaunchScreen.xib;
			sourceTree = "<group>";
		};
/* End PBXVariantGroup section */

/* Begin XCBuildConfiguration section */
		492AD89A1AE2E0C800789082 /* Debug */ = {
			isa = XCBuildConfiguration;
			buildSettings = {
				ALWAYS_SEARCH_USER_PATHS = NO;
				CLANG_CXX_LANGUAGE_STANDARD = "gnu++0x";
				CLANG_CXX_LIBRARY = "libc++";
				CLANG_ENABLE_MODULES = YES;
				CLANG_ENABLE_OBJC_ARC = YES;
				CLANG_WARN_BOOL_CONVERSION = YES;
				CLANG_WARN_CONSTANT_CONVERSION = YES;
				CLANG_WARN_DIRECT_OBJC_ISA_USAGE = YES_ERROR;
				CLANG_WARN_EMPTY_BODY = YES;
				CLANG_WARN_ENUM_CONVERSION = YES;
				CLANG_WARN_INT_CONVERSION = YES;
				CLANG_WARN_OBJC_ROOT_CLASS = YES_ERROR;
				CLANG_WARN_UNREACHABLE_CODE = YES;
				CLANG_WARN__DUPLICATE_METHOD_MATCH = YES;
				"CODE_SIGN_IDENTITY[sdk=iphoneos*]" = "iPhone Developer";
				COPY_PHASE_STRIP = NO;
				DEBUG_INFORMATION_FORMAT = "dwarf-with-dsym";
				ENABLE_STRICT_OBJC_MSGSEND = YES;
				GCC_C_LANGUAGE_STANDARD = gnu99;
				GCC_DYNAMIC_NO_PIC = NO;
				GCC_NO_COMMON_BLOCKS = YES;
				GCC_OPTIMIZATION_LEVEL = 0;
				GCC_PREPROCESSOR_DEFINITIONS = (
					"DEBUG=1",
					"$(inherited)",
				);
				GCC_SYMBOLS_PRIVATE_EXTERN = NO;
				GCC_WARN_64_TO_32_BIT_CONVERSION = YES;
				GCC_WARN_ABOUT_RETURN_TYPE = YES_ERROR;
				GCC_WARN_UNDECLARED_SELECTOR = YES;
				GCC_WARN_UNINITIALIZED_AUTOS = YES_AGGRESSIVE;
				GCC_WARN_UNUSED_FUNCTION = YES;
				GCC_WARN_UNUSED_VARIABLE = YES;
				IPHONEOS_DEPLOYMENT_TARGET = 8.3;
				MTL_ENABLE_DEBUG_INFO = YES;
				ONLY_ACTIVE_ARCH = YES;
				SDKROOT = iphoneos;
				SWIFT_OPTIMIZATION_LEVEL = "-Onone";
			};
			name = Debug;
		};
		492AD89B1AE2E0C800789082 /* Release */ = {
			isa = XCBuildConfiguration;
			buildSettings = {
				ALWAYS_SEARCH_USER_PATHS = NO;
				CLANG_CXX_LANGUAGE_STANDARD = "gnu++0x";
				CLANG_CXX_LIBRARY = "libc++";
				CLANG_ENABLE_MODULES = YES;
				CLANG_ENABLE_OBJC_ARC = YES;
				CLANG_WARN_BOOL_CONVERSION = YES;
				CLANG_WARN_CONSTANT_CONVERSION = YES;
				CLANG_WARN_DIRECT_OBJC_ISA_USAGE = YES_ERROR;
				CLANG_WARN_EMPTY_BODY = YES;
				CLANG_WARN_ENUM_CONVERSION = YES;
				CLANG_WARN_INT_CONVERSION = YES;
				CLANG_WARN_OBJC_ROOT_CLASS = YES_ERROR;
				CLANG_WARN_UNREACHABLE_CODE = YES;
				CLANG_WARN__DUPLICATE_METHOD_MATCH = YES;
				"CODE_SIGN_IDENTITY[sdk=iphoneos*]" = "iPhone Developer";
				COPY_PHASE_STRIP = NO;
				DEBUG_INFORMATION_FORMAT = "dwarf-with-dsym";
				ENABLE_NS_ASSERTIONS = NO;
				ENABLE_STRICT_OBJC_MSGSEND = YES;
				GCC_C_LANGUAGE_STANDARD = gnu99;
				GCC_NO_COMMON_BLOCKS = YES;
				GCC_WARN_64_TO_32_BIT_CONVERSION = YES;
				GCC_WARN_ABOUT_RETURN_TYPE = YES_ERROR;
				GCC_WARN_UNDECLARED_SELECTOR = YES;
				GCC_WARN_UNINITIALIZED_AUTOS = YES_AGGRESSIVE;
				GCC_WARN_UNUSED_FUNCTION = YES;
				GCC_WARN_UNUSED_VARIABLE = YES;
				IPHONEOS_DEPLOYMENT_TARGET = 8.3;
				MTL_ENABLE_DEBUG_INFO = NO;
				SDKROOT = iphoneos;
				VALIDATE_PRODUCT = YES;
			};
			name = Release;
		};
		492AD89D1AE2E0C800789082 /* Debug */ = {
			isa = XCBuildConfiguration;
			buildSettings = {
				ASSETCATALOG_COMPILER_APPICON_NAME = AppIcon;
				INFOPLIST_FILE = Flavors/Info.plist;
				LD_RUNPATH_SEARCH_PATHS = "$(inherited) @executable_path/Frameworks";
				PRODUCT_NAME = "$(TARGET_NAME)";
			};
			name = Debug;
		};
		492AD89E1AE2E0C800789082 /* Release */ = {
			isa = XCBuildConfiguration;
			buildSettings = {
				ASSETCATALOG_COMPILER_APPICON_NAME = AppIcon;
				INFOPLIST_FILE = Flavors/Info.plist;
				LD_RUNPATH_SEARCH_PATHS = "$(inherited) @executable_path/Frameworks";
				PRODUCT_NAME = "$(TARGET_NAME)";
			};
			name = Release;
		};
		492AD8A01AE2E0C800789082 /* Debug */ = {
			isa = XCBuildConfiguration;
			buildSettings = {
				BUNDLE_LOADER = "$(TEST_HOST)";
				FRAMEWORK_SEARCH_PATHS = (
					"$(SDKROOT)/Developer/Library/Frameworks",
					"$(inherited)",
				);
				GCC_PREPROCESSOR_DEFINITIONS = (
					"DEBUG=1",
					"$(inherited)",
				);
				INFOPLIST_FILE = FlavorsTests/Info.plist;
				LD_RUNPATH_SEARCH_PATHS = "$(inherited) @executable_path/Frameworks @loader_path/Frameworks";
				PRODUCT_NAME = "$(TARGET_NAME)";
				TEST_HOST = "$(BUILT_PRODUCTS_DIR)/Flavors.app/Flavors";
			};
			name = Debug;
		};
		492AD8A11AE2E0C800789082 /* Release */ = {
			isa = XCBuildConfiguration;
			buildSettings = {
				BUNDLE_LOADER = "$(TEST_HOST)";
				FRAMEWORK_SEARCH_PATHS = (
					"$(SDKROOT)/Developer/Library/Frameworks",
					"$(inherited)",
				);
				INFOPLIST_FILE = FlavorsTests/Info.plist;
				LD_RUNPATH_SEARCH_PATHS = "$(inherited) @executable_path/Frameworks @loader_path/Frameworks";
				PRODUCT_NAME = "$(TARGET_NAME)";
				TEST_HOST = "$(BUILT_PRODUCTS_DIR)/Flavors.app/Flavors";
			};
			name = Release;
		};
/* End XCBuildConfiguration section */

/* Begin XCConfigurationList section */
		492AD8781AE2E0C800789082 /* Build configuration list for PBXProject "Flavors" */ = {
			isa = XCConfigurationList;
			buildConfigurations = (
				492AD89A1AE2E0C800789082 /* Debug */,
				492AD89B1AE2E0C800789082 /* Release */,
			);
			defaultConfigurationIsVisible = 0;
			defaultConfigurationName = Release;
		};
		492AD89C1AE2E0C800789082 /* Build configuration list for PBXNativeTarget "Flavors" */ = {
			isa = XCConfigurationList;
			buildConfigurations = (
				492AD89D1AE2E0C800789082 /* Debug */,
				492AD89E1AE2E0C800789082 /* Release */,
			);
			defaultConfigurationIsVisible = 0;
		};
		492AD89F1AE2E0C800789082 /* Build configuration list for PBXNativeTarget "FlavorsTests" */ = {
			isa = XCConfigurationList;
			buildConfigurations = (
				492AD8A01AE2E0C800789082 /* Debug */,
				492AD8A11AE2E0C800789082 /* Release */,
			);
			defaultConfigurationIsVisible = 0;
		};
/* End XCConfigurationList section */
	};
	rootObject = 492AD8751AE2E0C800789082 /* Project object */;
}
